# generated by rye
# use `rye lock` or `rye sync` to update this lockfile
#
# last locked with the following flags:
#   pre: false
#   features: []
#   all-features: false
#   with-sources: false

-e file:.
attrs==23.2.0
    # via cattrs
    # via lsprotocol
cattrs==23.2.3
    # via lsprotocol
    # via python-lsp-ruff
docstring-to-markdown==0.15
    # via python-lsp-server
exceptiongroup==1.2.0
    # via cattrs
jedi==0.19.1
    # via python-lsp-server
lsprotocol==2023.0.1
    # via python-lsp-ruff
parso==0.8.4
    # via jedi
pluggy==1.4.0
    # via python-lsp-server
python-lsp-jsonrpc==1.1.2
    # via python-lsp-server
python-lsp-ruff==2.2.0
python-lsp-server==1.11.0
    # via python-lsp-ruff
ruff==0.3.5
    # via python-lsp-ruff
tomli==2.0.1
    # via python-lsp-ruff
typing-extensions==4.11.0
    # via cattrs
ujson==5.9.0
    # via python-lsp-jsonrpc
    # via python-lsp-server
